
Microsoft Visual Studio Solution File, Format Version 12.00
# Visual Studio Version 17
VisualStudioVersion = 17.5.002.0
MinimumVisualStudioVersion = 10.0.40219.1
Project("{9A19103F-16F7-4668-BE54-9A1E7A4F7556}") = "APIContatos", "APIContatos.csproj", "{8ECCAFDE-905D-405E-95CB-0DBE4694B9CD}"
EndProject
Global
	GlobalSection(SolutionConfigurationPlatforms) = preSolution
		Debug|Any CPU = Debug|Any CPU
		Release|Any CPU = Release|Any CPU
	EndGlobalSection
	GlobalSection(ProjectConfigurationPlatforms) = postSolution
		{8ECCAFDE-905D-405E-95CB-0DBE4694B9CD}.Debug|Any CPU.ActiveCfg = Debug|Any CPU
		{8ECCAFDE-905D-405E-95CB-0DBE4694B9CD}.Debug|Any CPU.Build.0 = Debug|Any CPU
		{8ECCAFDE-905D-405E-95CB-0DBE4694B9CD}.Release|Any CPU.ActiveCfg = Release|Any CPU
		{8ECCAFDE-905D-405E-95CB-0DBE4694B9CD}.Release|Any CPU.Build.0 = Release|Any CPU
	EndGlobalSection
	GlobalSection(SolutionProperties) = preSolution
		HideSolutionNode = FALSE
	EndGlobalSection
	GlobalSection(ExtensibilityGlobals) = postSolution
		SolutionGuid = {A5DB1D9B-1C22-4263-8877-86ED2606F705}
	EndGlobalSection
EndGlobal
